{
  "name": "card-validator-demo",
  "version": "1.0.0",
  "lockfileVersion": 1,
  "requires": true,
  "dependencies": {
    "basic-card-validator": {
      "version": "1.0.10",
      "resolved": "https://registry.npmjs.org/basic-card-validator/-/basic-card-validator-1.0.10.tgz",
      "integrity": "sha512-Lntt/cgfxN17DhkcInrRoAfPzR6wDs+MVg6WG9d3m1YlidN9AdO3tmjI33/bi/r8clfAqHzfc/78Jj/jx7FAEw=="
    },
    "uniq": {
      "version": "1.0.1",
      "resolved": "https://registry.npmjs.org/uniq/-/uniq-1.0.1.tgz",
      "integrity": "sha1-sxxa6CVIRKOoKBVBzisEuGWnNP8="
    }
  }
}
